
Microsoft Visual Studio Solution File, Format Version 12.00
# Visual Studio Version 17
VisualStudioVersion = 17.4.33213.308
MinimumVisualStudioVersion = 10.0.40219.1
Project("{9A19103F-16F7-4668-BE54-9A1E7A4F7556}") = "dotnet-rpg", "dotnet-rpg.csproj", "{E65900E6-6838-49BC-B65A-E3CACC524524}"
EndProject
Global
	GlobalSection(SolutionConfigurationPlatforms) = preSolution
		Debug|Any CPU = Debug|Any CPU
		Release|Any CPU = Release|Any CPU
	EndGlobalSection
	GlobalSection(ProjectConfigurationPlatforms) = postSolution
		{E65900E6-6838-49BC-B65A-E3CACC524524}.Debug|Any CPU.ActiveCfg = Debug|Any CPU
		{E65900E6-6838-49BC-B65A-E3CACC524524}.Debug|Any CPU.Build.0 = Debug|Any CPU
		{E65900E6-6838-49BC-B65A-E3CACC524524}.Release|Any CPU.ActiveCfg = Release|Any CPU
		{E65900E6-6838-49BC-B65A-E3CACC524524}.Release|Any CPU.Build.0 = Release|Any CPU
	EndGlobalSection
	GlobalSection(SolutionProperties) = preSolution
		HideSolutionNode = FALSE
	EndGlobalSection
	GlobalSection(ExtensibilityGlobals) = postSolution
		SolutionGuid = {A6EE36CF-B917-47BB-91EE-C42A36833870}
	EndGlobalSection
EndGlobal
